
Microsoft Visual Studio Solution File, Format Version 12.00
# Visual Studio Version 16
VisualStudioVersion = 16.0.31613.86
MinimumVisualStudioVersion = 10.0.40219.1
Project("{FAE04EC0-301F-11D3-BF4B-00C04F79EFBC}") = "OloAutomationChallengeProject", "OloAutomationChallengeProject\OloAutomationChallengeProject.csproj", "{EA611C27-0229-4459-B1FD-B6831994F29A}"
EndProject
Global
	GlobalSection(SolutionConfigurationPlatforms) = preSolution
		Debug|Any CPU = Debug|Any CPU
		Release|Any CPU = Release|Any CPU
	EndGlobalSection
	GlobalSection(ProjectConfigurationPlatforms) = postSolution
		{EA611C27-0229-4459-B1FD-B6831994F29A}.Debug|Any CPU.ActiveCfg = Debug|Any CPU
		{EA611C27-0229-4459-B1FD-B6831994F29A}.Debug|Any CPU.Build.0 = Debug|Any CPU
		{EA611C27-0229-4459-B1FD-B6831994F29A}.Release|Any CPU.ActiveCfg = Release|Any CPU
		{EA611C27-0229-4459-B1FD-B6831994F29A}.Release|Any CPU.Build.0 = Release|Any CPU
	EndGlobalSection
	GlobalSection(SolutionProperties) = preSolution
		HideSolutionNode = FALSE
	EndGlobalSection
	GlobalSection(ExtensibilityGlobals) = postSolution
		SolutionGuid = {3B1C642C-21D3-4C28-A351-844ABD3D1602}
	EndGlobalSection
EndGlobal
